
Microsoft Visual Studio Solution File, Format Version 12.00
Project("{FAE04EC0-301F-11D3-BF4B-00C04F79EFBC}") = "Light.Gaoding", "src\Light.Gaoding\Light.Gaoding.csproj", "{09C0BC7A-23AB-4B5D-987E-00997DEF94C5}"
EndProject
Project("{FAE04EC0-301F-11D3-BF4B-00C04F79EFBC}") = "Light.Gaoding.Test", "src\Light.Gaoding.Test\Light.Gaoding.Test.csproj", "{288F859A-B5B2-456C-984E-74B2A053CD0B}"
EndProject
Project("{FAE04EC0-301F-11D3-BF4B-00C04F79EFBC}") = "Light.FreeSql", "src\Light.FreeSql\Light.FreeSql.csproj", "{0A023779-AB26-4FF2-A544-908916F84633}"
EndProject
Project("{FAE04EC0-301F-11D3-BF4B-00C04F79EFBC}") = "Light.Web", "src\Light.Web\Light.Web.csproj", "{9F5F3C7B-EF7F-48A1-8F76-0439AE78ECD8}"
EndProject
Project("{FAE04EC0-301F-11D3-BF4B-00C04F79EFBC}") = "Light.Summary", "src\Light.Summary\Light.Summary.csproj", "{9184BABC-D845-4553-B0B6-6978DF935C5C}"
EndProject
Project("{FAE04EC0-301F-11D3-BF4B-00C04F79EFBC}") = "Light.Summary.Test", "src\Light.Summary.Test\Light.Summary.Test.csproj", "{F8298E7A-01D8-4127-811A-D4AAC462410D}"
EndProject
Project("{FAE04EC0-301F-11D3-BF4B-00C04F79EFBC}") = "Light.EntityFrameworkCore", "src\Light.EntityFrameworkCore\Light.EntityFrameworkCore.csproj", "{BD5EFD11-F4FF-4F3B-8364-A9148BEB2063}"
EndProject
Project("{FAE04EC0-301F-11D3-BF4B-00C04F79EFBC}") = "Light.EntityFrameworkCore.Transactional", "src\Light.EntityFrameworkCore.Transactional\Light.EntityFrameworkCore.Transactional.csproj", "{4F27C44E-741D-46B9-A3E0-CCD5F0E93B7A}"
EndProject
Global
	GlobalSection(SolutionConfigurationPlatforms) = preSolution
		Debug|Any CPU = Debug|Any CPU
		Release|Any CPU = Release|Any CPU
	EndGlobalSection
	GlobalSection(ProjectConfigurationPlatforms) = postSolution
		{09C0BC7A-23AB-4B5D-987E-00997DEF94C5}.Debug|Any CPU.ActiveCfg = Debug|Any CPU
		{09C0BC7A-23AB-4B5D-987E-00997DEF94C5}.Debug|Any CPU.Build.0 = Debug|Any CPU
		{09C0BC7A-23AB-4B5D-987E-00997DEF94C5}.Release|Any CPU.ActiveCfg = Release|Any CPU
		{09C0BC7A-23AB-4B5D-987E-00997DEF94C5}.Release|Any CPU.Build.0 = Release|Any CPU
		{288F859A-B5B2-456C-984E-74B2A053CD0B}.Debug|Any CPU.ActiveCfg = Debug|Any CPU
		{288F859A-B5B2-456C-984E-74B2A053CD0B}.Debug|Any CPU.Build.0 = Debug|Any CPU
		{288F859A-B5B2-456C-984E-74B2A053CD0B}.Release|Any CPU.ActiveCfg = Release|Any CPU
		{288F859A-B5B2-456C-984E-74B2A053CD0B}.Release|Any CPU.Build.0 = Release|Any CPU
		{0A023779-AB26-4FF2-A544-908916F84633}.Debug|Any CPU.ActiveCfg = Debug|Any CPU
		{0A023779-AB26-4FF2-A544-908916F84633}.Debug|Any CPU.Build.0 = Debug|Any CPU
		{0A023779-AB26-4FF2-A544-908916F84633}.Release|Any CPU.ActiveCfg = Release|Any CPU
		{0A023779-AB26-4FF2-A544-908916F84633}.Release|Any CPU.Build.0 = Release|Any CPU
		{9F5F3C7B-EF7F-48A1-8F76-0439AE78ECD8}.Debug|Any CPU.ActiveCfg = Debug|Any CPU
		{9F5F3C7B-EF7F-48A1-8F76-0439AE78ECD8}.Debug|Any CPU.Build.0 = Debug|Any CPU
		{9F5F3C7B-EF7F-48A1-8F76-0439AE78ECD8}.Release|Any CPU.ActiveCfg = Release|Any CPU
		{9F5F3C7B-EF7F-48A1-8F76-0439AE78ECD8}.Release|Any CPU.Build.0 = Release|Any CPU
		{9184BABC-D845-4553-B0B6-6978DF935C5C}.Debug|Any CPU.ActiveCfg = Debug|Any CPU
		{9184BABC-D845-4553-B0B6-6978DF935C5C}.Debug|Any CPU.Build.0 = Debug|Any CPU
		{9184BABC-D845-4553-B0B6-6978DF935C5C}.Release|Any CPU.ActiveCfg = Release|Any CPU
		{9184BABC-D845-4553-B0B6-6978DF935C5C}.Release|Any CPU.Build.0 = Release|Any CPU
		{F8298E7A-01D8-4127-811A-D4AAC462410D}.Debug|Any CPU.ActiveCfg = Debug|Any CPU
		{F8298E7A-01D8-4127-811A-D4AAC462410D}.Debug|Any CPU.Build.0 = Debug|Any CPU
		{F8298E7A-01D8-4127-811A-D4AAC462410D}.Release|Any CPU.ActiveCfg = Release|Any CPU
		{F8298E7A-01D8-4127-811A-D4AAC462410D}.Release|Any CPU.Build.0 = Release|Any CPU
		{BD5EFD11-F4FF-4F3B-8364-A9148BEB2063}.Debug|Any CPU.ActiveCfg = Debug|Any CPU
		{BD5EFD11-F4FF-4F3B-8364-A9148BEB2063}.Debug|Any CPU.Build.0 = Debug|Any CPU
		{BD5EFD11-F4FF-4F3B-8364-A9148BEB2063}.Release|Any CPU.ActiveCfg = Release|Any CPU
		{BD5EFD11-F4FF-4F3B-8364-A9148BEB2063}.Release|Any CPU.Build.0 = Release|Any CPU
		{4F27C44E-741D-46B9-A3E0-CCD5F0E93B7A}.Debug|Any CPU.ActiveCfg = Debug|Any CPU
		{4F27C44E-741D-46B9-A3E0-CCD5F0E93B7A}.Debug|Any CPU.Build.0 = Debug|Any CPU
		{4F27C44E-741D-46B9-A3E0-CCD5F0E93B7A}.Release|Any CPU.ActiveCfg = Release|Any CPU
		{4F27C44E-741D-46B9-A3E0-CCD5F0E93B7A}.Release|Any CPU.Build.0 = Release|Any CPU
	EndGlobalSection
EndGlobal
